# THIS IS AN AUTOGENERATED FILE. DO NOT EDIT THIS FILE DIRECTLY.
# yarn lockfile v1


dayjs@^1.9.5:
  version "1.9.5"
  resolved "https://registry.yarnpkg.com/dayjs/-/dayjs-1.9.5.tgz#fd49994ebe71639d2ce9575e97186642dfce9808"
  integrity sha512-WULIw7UpW/E0y6VywewpbXAMH3d5cZijEhoHLwM+OMVbk/NtchKS/W+57H/0P1rqU7gHrAArjiRLHCUhgMQl6w==
